
Microsoft Visual Studio Solution File, Format Version 12.00
# Visual Studio Version 16
VisualStudioVersion = 16.0.29709.97
MinimumVisualStudioVersion = 10.0.40219.1
Project("{FAE04EC0-301F-11D3-BF4B-00C04F79EFBC}") = "Registro con Detalle 2-2020", "Registro con Detalle 2-2020\Registro con Detalle 2-2020.csproj", "{9F7CF23F-F4F1-4036-9735-D165EB59773B}"
EndProject
Global
	GlobalSection(SolutionConfigurationPlatforms) = preSolution
		Debug|Any CPU = Debug|Any CPU
		Release|Any CPU = Release|Any CPU
	EndGlobalSection
	GlobalSection(ProjectConfigurationPlatforms) = postSolution
		{9F7CF23F-F4F1-4036-9735-D165EB59773B}.Debug|Any CPU.ActiveCfg = Debug|Any CPU
		{9F7CF23F-F4F1-4036-9735-D165EB59773B}.Debug|Any CPU.Build.0 = Debug|Any CPU
		{9F7CF23F-F4F1-4036-9735-D165EB59773B}.Release|Any CPU.ActiveCfg = Release|Any CPU
		{9F7CF23F-F4F1-4036-9735-D165EB59773B}.Release|Any CPU.Build.0 = Release|Any CPU
	EndGlobalSection
	GlobalSection(SolutionProperties) = preSolution
		HideSolutionNode = FALSE
	EndGlobalSection
	GlobalSection(ExtensibilityGlobals) = postSolution
		SolutionGuid = {C55F3628-4EBB-43A2-A277-80A9097D960C}
	EndGlobalSection
EndGlobal
